
Microsoft Visual Studio Solution File, Format Version 12.00
# Visual Studio Version 17
VisualStudioVersion = 17.10.34916.146
MinimumVisualStudioVersion = 10.0.40219.1
Project("{8BC9CEB8-8B4A-11D0-8D11-00A0C91BC942}") = "jour1", "jour1.vcxproj", "{AADFB0B5-F1BE-449F-B886-2C7256ADB09B}"
EndProject
Global
	GlobalSection(SolutionConfigurationPlatforms) = preSolution
		Debug|x64 = Debug|x64
		Debug|x86 = Debug|x86
		Release|x64 = Release|x64
		Release|x86 = Release|x86
	EndGlobalSection
	GlobalSection(ProjectConfigurationPlatforms) = postSolution
		{AADFB0B5-F1BE-449F-B886-2C7256ADB09B}.Debug|x64.ActiveCfg = Debug|x64
		{AADFB0B5-F1BE-449F-B886-2C7256ADB09B}.Debug|x64.Build.0 = Debug|x64
		{AADFB0B5-F1BE-449F-B886-2C7256ADB09B}.Debug|x86.ActiveCfg = Debug|Win32
		{AADFB0B5-F1BE-449F-B886-2C7256ADB09B}.Debug|x86.Build.0 = Debug|Win32
		{AADFB0B5-F1BE-449F-B886-2C7256ADB09B}.Release|x64.ActiveCfg = Release|x64
		{AADFB0B5-F1BE-449F-B886-2C7256ADB09B}.Release|x64.Build.0 = Release|x64
		{AADFB0B5-F1BE-449F-B886-2C7256ADB09B}.Release|x86.ActiveCfg = Release|Win32
		{AADFB0B5-F1BE-449F-B886-2C7256ADB09B}.Release|x86.Build.0 = Release|Win32
	EndGlobalSection
	GlobalSection(SolutionProperties) = preSolution
		HideSolutionNode = FALSE
	EndGlobalSection
	GlobalSection(ExtensibilityGlobals) = postSolution
		SolutionGuid = {198ADCDE-DD56-4594-A6B0-70FC289AFBD9}
	EndGlobalSection
EndGlobal
